dependencies:
- name: rancher-monitoring
  repository: https://charts.rancher.io
  version: 102.0.2+up40.1.2
- name: rancher-monitoring-crd
  repository: https://charts.rancher.io
  version: 102.0.2+up40.1.2
digest: sha256:bb8283b151b217c80421054111680ad686e99b6a3b95cae9751a586fe0bfa9fe
generated: "2023-12-17T15:09:28.709838327Z"
